
Microsoft Visual Studio Solution File, Format Version 11.00
# Visual Studio 2010
# SharpDevelop 4.4
Project("{FD48973F-F585-4F70-812B-4D0503B36CE9}") = "Pg119FullName", "Pg119FullName.pyproj", "{20CB9DDA-12D9-4FE0-930D-E0189408F3E5}"
EndProject
Global
	GlobalSection(SolutionConfigurationPlatforms) = preSolution
		Debug|Any CPU = Debug|Any CPU
		Release|Any CPU = Release|Any CPU
	EndGlobalSection
	GlobalSection(ProjectConfigurationPlatforms) = postSolution
		{20CB9DDA-12D9-4FE0-930D-E0189408F3E5}.Debug|Any CPU.Build.0 = Debug|Any CPU
		{20CB9DDA-12D9-4FE0-930D-E0189408F3E5}.Debug|Any CPU.ActiveCfg = Debug|Any CPU
		{20CB9DDA-12D9-4FE0-930D-E0189408F3E5}.Release|Any CPU.Build.0 = Release|Any CPU
		{20CB9DDA-12D9-4FE0-930D-E0189408F3E5}.Release|Any CPU.ActiveCfg = Release|Any CPU
	EndGlobalSection
EndGlobal
