
Microsoft Visual Studio Solution File, Format Version 11.00
# Visual Studio 2010
# SharpDevelop 4.4
Project("{FD48973F-F585-4F70-812B-4D0503B36CE9}") = "Pg198ScoreAvg", "Pg198ScoreAvg.pyproj", "{990E1796-B8E5-4BC5-AE59-1E7F4BB13D62}"
EndProject
Global
	GlobalSection(SolutionConfigurationPlatforms) = preSolution
		Debug|Any CPU = Debug|Any CPU
		Release|Any CPU = Release|Any CPU
	EndGlobalSection
	GlobalSection(ProjectConfigurationPlatforms) = postSolution
		{990E1796-B8E5-4BC5-AE59-1E7F4BB13D62}.Debug|Any CPU.Build.0 = Debug|Any CPU
		{990E1796-B8E5-4BC5-AE59-1E7F4BB13D62}.Debug|Any CPU.ActiveCfg = Debug|Any CPU
		{990E1796-B8E5-4BC5-AE59-1E7F4BB13D62}.Release|Any CPU.Build.0 = Release|Any CPU
		{990E1796-B8E5-4BC5-AE59-1E7F4BB13D62}.Release|Any CPU.ActiveCfg = Release|Any CPU
	EndGlobalSection
EndGlobal
