
Microsoft Visual Studio Solution File, Format Version 11.00
# Visual Studio 2010
# SharpDevelop 4.4
Project("{FD48973F-F585-4F70-812B-4D0503B36CE9}") = "Prog93a", "Prog93a.pyproj", "{434C98BD-2DC4-47C7-BF1B-D77CBE0376FC}"
EndProject
Global
	GlobalSection(SolutionConfigurationPlatforms) = preSolution
		Debug|Any CPU = Debug|Any CPU
		Release|Any CPU = Release|Any CPU
	EndGlobalSection
	GlobalSection(ProjectConfigurationPlatforms) = postSolution
		{434C98BD-2DC4-47C7-BF1B-D77CBE0376FC}.Debug|Any CPU.Build.0 = Debug|Any CPU
		{434C98BD-2DC4-47C7-BF1B-D77CBE0376FC}.Debug|Any CPU.ActiveCfg = Debug|Any CPU
		{434C98BD-2DC4-47C7-BF1B-D77CBE0376FC}.Release|Any CPU.Build.0 = Release|Any CPU
		{434C98BD-2DC4-47C7-BF1B-D77CBE0376FC}.Release|Any CPU.ActiveCfg = Release|Any CPU
	EndGlobalSection
EndGlobal
