
Microsoft Visual Studio Solution File, Format Version 11.00
# Visual Studio 2010
# SharpDevelop 4.4
Project("{FD48973F-F585-4F70-812B-4D0503B36CE9}") = "Pg268FatCalc", "Pg268FatCalc.pyproj", "{5FB8D2BC-F0CF-4D8E-909D-D92C3438B6FD}"
EndProject
Global
	GlobalSection(SolutionConfigurationPlatforms) = preSolution
		Debug|Any CPU = Debug|Any CPU
		Release|Any CPU = Release|Any CPU
	EndGlobalSection
	GlobalSection(ProjectConfigurationPlatforms) = postSolution
		{5FB8D2BC-F0CF-4D8E-909D-D92C3438B6FD}.Debug|Any CPU.Build.0 = Debug|Any CPU
		{5FB8D2BC-F0CF-4D8E-909D-D92C3438B6FD}.Debug|Any CPU.ActiveCfg = Debug|Any CPU
		{5FB8D2BC-F0CF-4D8E-909D-D92C3438B6FD}.Release|Any CPU.Build.0 = Release|Any CPU
		{5FB8D2BC-F0CF-4D8E-909D-D92C3438B6FD}.Release|Any CPU.ActiveCfg = Release|Any CPU
	EndGlobalSection
EndGlobal
