
Microsoft Visual Studio Solution File, Format Version 11.00
# Visual Studio 2010
# SharpDevelop 4.4
Project("{FD48973F-F585-4F70-812B-4D0503B36CE9}") = "Pg140SimpleCalc", "Pg140SimpleCalc.pyproj", "{E83D2370-CB24-4C52-9064-0A649F303F20}"
EndProject
Global
	GlobalSection(SolutionConfigurationPlatforms) = preSolution
		Debug|Any CPU = Debug|Any CPU
		Release|Any CPU = Release|Any CPU
	EndGlobalSection
	GlobalSection(ProjectConfigurationPlatforms) = postSolution
		{E83D2370-CB24-4C52-9064-0A649F303F20}.Debug|Any CPU.Build.0 = Debug|Any CPU
		{E83D2370-CB24-4C52-9064-0A649F303F20}.Debug|Any CPU.ActiveCfg = Debug|Any CPU
		{E83D2370-CB24-4C52-9064-0A649F303F20}.Release|Any CPU.Build.0 = Release|Any CPU
		{E83D2370-CB24-4C52-9064-0A649F303F20}.Release|Any CPU.ActiveCfg = Release|Any CPU
	EndGlobalSection
EndGlobal
